
Microsoft Visual Studio Solution File, Format Version 12.00
# Visual Studio Version 16
VisualStudioVersion = 16.0.31019.35
MinimumVisualStudioVersion = 10.0.40219.1
Project("{FAE04EC0-301F-11D3-BF4B-00C04F79EFBC}") = "Exe1010", "Exe1010\Exe1010.csproj", "{FFA6D7BB-CB65-44B1-8D4B-8FC83244EDD7}"
EndProject
Global
	GlobalSection(SolutionConfigurationPlatforms) = preSolution
		Debug|Any CPU = Debug|Any CPU
		Release|Any CPU = Release|Any CPU
	EndGlobalSection
	GlobalSection(ProjectConfigurationPlatforms) = postSolution
		{FFA6D7BB-CB65-44B1-8D4B-8FC83244EDD7}.Debug|Any CPU.ActiveCfg = Debug|Any CPU
		{FFA6D7BB-CB65-44B1-8D4B-8FC83244EDD7}.Debug|Any CPU.Build.0 = Debug|Any CPU
		{FFA6D7BB-CB65-44B1-8D4B-8FC83244EDD7}.Release|Any CPU.ActiveCfg = Release|Any CPU
		{FFA6D7BB-CB65-44B1-8D4B-8FC83244EDD7}.Release|Any CPU.Build.0 = Release|Any CPU
	EndGlobalSection
	GlobalSection(SolutionProperties) = preSolution
		HideSolutionNode = FALSE
	EndGlobalSection
	GlobalSection(ExtensibilityGlobals) = postSolution
		SolutionGuid = {BA1BCD34-FCF2-450B-82E1-D7499CDA7E57}
	EndGlobalSection
EndGlobal
